// !$*UTF8*$!
{
	archiveVersion = 1;
	classes = {
	};
	objectVersion = 56;
	objects = {

/* Begin PBXBuildFile section */
		894A3A3E2908C3DB00C493C2 /* CurrencyListView.swift in Sources */ = {isa = PBXBuildFile; fileRef = 894A3A3D2908C3DB00C493C2 /* CurrencyListView.swift */; };
		894A3A402908C88B00C493C2 /* MainView.swift in Sources */ = {isa = PBXBuildFile; fileRef = 894A3A3F2908C88B00C493C2 /* MainView.swift */; };
		A939D2AF2924C53C000ADC96 /* Currency.swift in Sources */ = {isa = PBXBuildFile; fileRef = A939D2AE2924C53C000ADC96 /* Currency.swift */; };
		A939D2B32924C65F000ADC96 /* ConvertService.swift in Sources */ = {isa = PBXBuildFile; fileRef = A939D2B22924C65F000ADC96 /* ConvertService.swift */; };
		A939D2B82924CD3C000ADC96 /* CurrencyService.swift in Sources */ = {isa = PBXBuildFile; fileRef = A939D2B72924CD3C000ADC96 /* CurrencyService.swift */; };
		A939D2BA2924D006000ADC96 /* HistoryView.swift in Sources */ = {isa = PBXBuildFile; fileRef = A939D2B92924D006000ADC96 /* HistoryView.swift */; };
		A9433E7E2925B706008B89B2 /* default.swift in Sources */ = {isa = PBXBuildFile; fileRef = A9433E7D2925B706008B89B2 /* default.swift */; };
		A9433E802925B7FB008B89B2 /* RefreshService.swift in Sources */ = {isa = PBXBuildFile; fileRef = A9433E7F2925B7FB008B89B2 /* RefreshService.swift */; };
		A9433E832925E1F7008B89B2 /* SearchView.swift in Sources */ = {isa = PBXBuildFile; fileRef = A9433E822925E1F7008B89B2 /* SearchView.swift */; };
		A961808F290B585000B388B8 /* SettingView.swift in Sources */ = {isa = PBXBuildFile; fileRef = A961808E290B585000B388B8 /* SettingView.swift */; };
		A9665C212929722A00D42D8B /* HistoryService.swift in Sources */ = {isa = PBXBuildFile; fileRef = A9665C202929722A00D42D8B /* HistoryService.swift */; };
		A970AF3D292C8C2B002976BF /* DateService.swift in Sources */ = {isa = PBXBuildFile; fileRef = A970AF3C292C8C2B002976BF /* DateService.swift */; };
		A9738754290502D9008339D0 /* currencyproApp.swift in Sources */ = {isa = PBXBuildFile; fileRef = A9738753290502D9008339D0 /* currencyproApp.swift */; };
		A9738756290502D9008339D0 /* HomeView.swift in Sources */ = {isa = PBXBuildFile; fileRef = A9738755290502D9008339D0 /* HomeView.swift */; };
		A9738758290502DA008339D0 /* Assets.xcassets in Resources */ = {isa = PBXBuildFile; fileRef = A9738757290502DA008339D0 /* Assets.xcassets */; };
		A973875B290502DA008339D0 /* Preview Assets.xcassets in Resources */ = {isa = PBXBuildFile; fileRef = A973875A290502DA008339D0 /* Preview Assets.xcassets */; };
		A997739A290E33FE008C9F44 /* PriceAlertView.swift in Sources */ = {isa = PBXBuildFile; fileRef = A9977399290E33FE008C9F44 /* PriceAlertView.swift */; };
		A9BF6E64290D04EC004BF596 /* ConverterView.swift in Sources */ = {isa = PBXBuildFile; fileRef = A9BF6E63290D04EC004BF596 /* ConverterView.swift */; };
/* End PBXBuildFile section */

/* Begin PBXFileReference section */
		894A3A3D2908C3DB00C493C2 /* CurrencyListView.swift */ = {isa = PBXFileReference; lastKnownFileType = sourcecode.swift; path = CurrencyListView.swift; sourceTree = "<group>"; };
		894A3A3F2908C88B00C493C2 /* MainView.swift */ = {isa = PBXFileReference; lastKnownFileType = sourcecode.swift; path = MainView.swift; sourceTree = "<group>"; };
		A91679D52929FEEB006AA437 /* MyPlayground.playground */ = {isa = PBXFileReference; lastKnownFileType = file.playground; path = MyPlayground.playground; sourceTree = "<group>"; xcLanguageSpecificationIdentifier = xcode.lang.swift; };
		A939D2AE2924C53C000ADC96 /* Currency.swift */ = {isa = PBXFileReference; lastKnownFileType = sourcecode.swift; path = Currency.swift; sourceTree = "<group>"; };
		A939D2B22924C65F000ADC96 /* ConvertService.swift */ = {isa = PBXFileReference; lastKnownFileType = sourcecode.swift; path = ConvertService.swift; sourceTree = "<group>"; };
		A939D2B72924CD3C000ADC96 /* CurrencyService.swift */ = {isa = PBXFileReference; lastKnownFileType = sourcecode.swift; path = CurrencyService.swift; sourceTree = "<group>"; };
		A939D2B92924D006000ADC96 /* HistoryView.swift */ = {isa = PBXFileReference; lastKnownFileType = sourcecode.swift; path = HistoryView.swift; sourceTree = "<group>"; };
		A9433E7D2925B706008B89B2 /* default.swift */ = {isa = PBXFileReference; lastKnownFileType = sourcecode.swift; path = default.swift; sourceTree = "<group>"; };
		A9433E7F2925B7FB008B89B2 /* RefreshService.swift */ = {isa = PBXFileReference; lastKnownFileType = sourcecode.swift; path = RefreshService.swift; sourceTree = "<group>"; };
		A9433E822925E1F7008B89B2 /* SearchView.swift */ = {isa = PBXFileReference; lastKnownFileType = sourcecode.swift; path = SearchView.swift; sourceTree = "<group>"; };
		A961808E290B585000B388B8 /* SettingView.swift */ = {isa = PBXFileReference; lastKnownFileType = sourcecode.swift; path = SettingView.swift; sourceTree = "<group>"; };
		A9665C202929722A00D42D8B /* HistoryService.swift */ = {isa = PBXFileReference; lastKnownFileType = sourcecode.swift; path = HistoryService.swift; sourceTree = "<group>"; };
		A970AF3C292C8C2B002976BF /* DateService.swift */ = {isa = PBXFileReference; lastKnownFileType = sourcecode.swift; path = DateService.swift; sourceTree = "<group>"; };
		A9738750290502D9008339D0 /* currencypro.app */ = {isa = PBXFileReference; explicitFileType = wrapper.application; includeInIndex = 0; path = currencypro.app; sourceTree = BUILT_PRODUCTS_DIR; };
		A9738753290502D9008339D0 /* currencyproApp.swift */ = {isa = PBXFileReference; lastKnownFileType = sourcecode.swift; path = currencyproApp.swift; sourceTree = "<group>"; };
		A9738755290502D9008339D0 /* HomeView.swift */ = {isa = PBXFileReference; lastKnownFileType = sourcecode.swift; path = HomeView.swift; sourceTree = "<group>"; };
		A9738757290502DA008339D0 /* Assets.xcassets */ = {isa = PBXFileReference; lastKnownFileType = folder.assetcatalog; path = Assets.xcassets; sourceTree = "<group>"; };
		A973875A290502DA008339D0 /* Preview Assets.xcassets */ = {isa = PBXFileReference; lastKnownFileType = folder.assetcatalog; path = "Preview Assets.xcassets"; sourceTree = "<group>"; };
		A9977399290E33FE008C9F44 /* PriceAlertView.swift */ = {isa = PBXFileReference; lastKnownFileType = sourcecode.swift; path = PriceAlertView.swift; sourceTree = "<group>"; };
		A9BF6E63290D04EC004BF596 /* ConverterView.swift */ = {isa = PBXFileReference; lastKnownFileType = sourcecode.swift; path = ConverterView.swift; sourceTree = "<group>"; };
/* End PBXFileReference section */

/* Begin PBXFrameworksBuildPhase section */
		A973874D290502D9008339D0 /* Frameworks */ = {
			isa = PBXFrameworksBuildPhase;
			buildActionMask = 2147483647;
			files = (
			);
			runOnlyForDeploymentPostprocessing = 0;
		};
/* End PBXFrameworksBuildPhase section */

/* Begin PBXGroup section */
		89F860F1290798BD003190A9 /* App */ = {
			isa = PBXGroup;
			children = (
				A9738753290502D9008339D0 /* currencyproApp.swift */,
				894A3A3F2908C88B00C493C2 /* MainView.swift */,
			);
			path = App;
			sourceTree = "<group>";
		};
		89F860F2290798C4003190A9 /* View */ = {
			isa = PBXGroup;
			children = (
				A9738755290502D9008339D0 /* HomeView.swift */,
				894A3A3D2908C3DB00C493C2 /* CurrencyListView.swift */,
				A961808E290B585000B388B8 /* SettingView.swift */,
				A9BF6E63290D04EC004BF596 /* ConverterView.swift */,
				A9977399290E33FE008C9F44 /* PriceAlertView.swift */,
				A939D2B92924D006000ADC96 /* HistoryView.swift */,
				A9433E822925E1F7008B89B2 /* SearchView.swift */,
			);
			path = View;
			sourceTree = "<group>";
		};
		89F860F3290798CB003190A9 /* Model */ = {
			isa = PBXGroup;
			children = (
				A939D2AE2924C53C000ADC96 /* Currency.swift */,
			);
			path = Model;
			sourceTree = "<group>";
		};
		A939D2B12924C62D000ADC96 /* Service */ = {
			isa = PBXGroup;
			children = (
				A939D2B22924C65F000ADC96 /* ConvertService.swift */,
				A939D2B72924CD3C000ADC96 /* CurrencyService.swift */,
				A9433E7F2925B7FB008B89B2 /* RefreshService.swift */,
				A9665C202929722A00D42D8B /* HistoryService.swift */,
				A970AF3C292C8C2B002976BF /* DateService.swift */,
			);
			path = Service;
			sourceTree = "<group>";
		};
		A9738747290502D9008339D0 = {
			isa = PBXGroup;
			children = (
				A91679D52929FEEB006AA437 /* MyPlayground.playground */,
				A9738752290502D9008339D0 /* currencypro */,
				A9738751290502D9008339D0 /* Products */,
			);
			sourceTree = "<group>";
		};
		A9738751290502D9008339D0 /* Products */ = {
			isa = PBXGroup;
			children = (
				A9738750290502D9008339D0 /* currencypro.app */,
			);
			name = Products;
			sourceTree = "<group>";
		};
		A9738752290502D9008339D0 /* currencypro */ = {
			isa = PBXGroup;
			children = (
				A9433E7D2925B706008B89B2 /* default.swift */,
				A939D2B12924C62D000ADC96 /* Service */,
				89F860F1290798BD003190A9 /* App */,
				89F860F2290798C4003190A9 /* View */,
				89F860F3290798CB003190A9 /* Model */,
				A9738757290502DA008339D0 /* Assets.xcassets */,
				A9738759290502DA008339D0 /* Preview Content */,
			);
			path = currencypro;
			sourceTree = "<group>";
		};
		A9738759290502DA008339D0 /* Preview Content */ = {
			isa = PBXGroup;
			children = (
				A973875A290502DA008339D0 /* Preview Assets.xcassets */,
			);
			path = "Preview Content";
			sourceTree = "<group>";
		};
/* End PBXGroup section */

/* Begin PBXNativeTarget section */
		A973874F290502D9008339D0 /* currencypro */ = {
			isa = PBXNativeTarget;
			buildConfigurationList = A973875E290502DA008339D0 /* Build configuration list for PBXNativeTarget "currencypro" */;
			buildPhases = (
				A973874C290502D9008339D0 /* Sources */,
				A973874D290502D9008339D0 /* Frameworks */,
				A973874E290502D9008339D0 /* Resources */,
			);
			buildRules = (
			);
			dependencies = (
			);
			name = currencypro;
			productName = currencypro;
			productReference = A9738750290502D9008339D0 /* currencypro.app */;
			productType = "com.apple.product-type.application";
		};
/* End PBXNativeTarget section */

/* Begin PBXProject section */
		A9738748290502D9008339D0 /* Project object */ = {
			isa = PBXProject;
			attributes = {
				BuildIndependentTargetsInParallel = 1;
				LastSwiftUpdateCheck = 1400;
				LastUpgradeCheck = 1400;
				TargetAttributes = {
					A973874F290502D9008339D0 = {
						CreatedOnToolsVersion = 14.0.1;
					};
				};
			};
			buildConfigurationList = A973874B290502D9008339D0 /* Build configuration list for PBXProject "currencypro" */;
			compatibilityVersion = "Xcode 14.0";
			developmentRegion = en;
			hasScannedForEncodings = 0;
			knownRegions = (
				en,
				Base,
			);
			mainGroup = A9738747290502D9008339D0;
			productRefGroup = A9738751290502D9008339D0 /* Products */;
			projectDirPath = "";
			projectRoot = "";
			targets = (
				A973874F290502D9008339D0 /* currencypro */,
			);
		};
/* End PBXProject section */

/* Begin PBXResourcesBuildPhase section */
		A973874E290502D9008339D0 /* Resources */ = {
			isa = PBXResourcesBuildPhase;
			buildActionMask = 2147483647;
			files = (
				A973875B290502DA008339D0 /* Preview Assets.xcassets in Resources */,
				A9738758290502DA008339D0 /* Assets.xcassets in Resources */,
			);
			runOnlyForDeploymentPostprocessing = 0;
		};
/* End PBXResourcesBuildPhase section */

/* Begin PBXSourcesBuildPhase section */
		A973874C290502D9008339D0 /* Sources */ = {
			isa = PBXSourcesBuildPhase;
			buildActionMask = 2147483647;
			files = (
				A9738756290502D9008339D0 /* HomeView.swift in Sources */,
				894A3A402908C88B00C493C2 /* MainView.swift in Sources */,
				A961808F290B585000B388B8 /* SettingView.swift in Sources */,
				A939D2B32924C65F000ADC96 /* ConvertService.swift in Sources */,
				A939D2B82924CD3C000ADC96 /* CurrencyService.swift in Sources */,
				894A3A3E2908C3DB00C493C2 /* CurrencyListView.swift in Sources */,
				A939D2AF2924C53C000ADC96 /* Currency.swift in Sources */,
				A9665C212929722A00D42D8B /* HistoryService.swift in Sources */,
				A9BF6E64290D04EC004BF596 /* ConverterView.swift in Sources */,
				A9433E7E2925B706008B89B2 /* default.swift in Sources */,
				A9433E832925E1F7008B89B2 /* SearchView.swift in Sources */,
				A970AF3D292C8C2B002976BF /* DateService.swift in Sources */,
				A997739A290E33FE008C9F44 /* PriceAlertView.swift in Sources */,
				A939D2BA2924D006000ADC96 /* HistoryView.swift in Sources */,
				A9738754290502D9008339D0 /* currencyproApp.swift in Sources */,
				A9433E802925B7FB008B89B2 /* RefreshService.swift in Sources */,
			);
			runOnlyForDeploymentPostprocessing = 0;
		};
/* End PBXSourcesBuildPhase section */

/* Begin XCBuildConfiguration section */
		A973875C290502DA008339D0 /* Debug */ = {
			isa = XCBuildConfiguration;
			buildSettings = {
				ALWAYS_SEARCH_USER_PATHS = NO;
				CLANG_ANALYZER_NONNULL = YES;
				CLANG_ANALYZER_NUMBER_OBJECT_CONVERSION = YES_AGGRESSIVE;
				CLANG_CXX_LANGUAGE_STANDARD = "gnu++20";
				CLANG_ENABLE_MODULES = YES;
				CLANG_ENABLE_OBJC_ARC = YES;
				CLANG_ENABLE_OBJC_WEAK = YES;
				CLANG_WARN_BLOCK_CAPTURE_AUTORELEASING = YES;
				CLANG_WARN_BOOL_CONVERSION = YES;
				CLANG_WARN_COMMA = YES;
				CLANG_WARN_CONSTANT_CONVERSION = YES;
				CLANG_WARN_DEPRECATED_OBJC_IMPLEMENTATIONS = YES;
				CLANG_WARN_DIRECT_OBJC_ISA_USAGE = YES_ERROR;
				CLANG_WARN_DOCUMENTATION_COMMENTS = YES;
				CLANG_WARN_EMPTY_BODY = YES;
				CLANG_WARN_ENUM_CONVERSION = YES;
				CLANG_WARN_INFINITE_RECURSION = YES;
				CLANG_WARN_INT_CONVERSION = YES;
				CLANG_WARN_NON_LITERAL_NULL_CONVERSION = YES;
				CLANG_WARN_OBJC_IMPLICIT_RETAIN_SELF = YES;
				CLANG_WARN_OBJC_LITERAL_CONVERSION = YES;
				CLANG_WARN_OBJC_ROOT_CLASS = YES_ERROR;
				CLANG_WARN_QUOTED_INCLUDE_IN_FRAMEWORK_HEADER = YES;
				CLANG_WARN_RANGE_LOOP_ANALYSIS = YES;
				CLANG_WARN_STRICT_PROTOTYPES = YES;
				CLANG_WARN_SUSPICIOUS_MOVE = YES;
				CLANG_WARN_UNGUARDED_AVAILABILITY = YES_AGGRESSIVE;
				CLANG_WARN_UNREACHABLE_CODE = YES;
				CLANG_WARN__DUPLICATE_METHOD_MATCH = YES;
				COPY_PHASE_STRIP = NO;
				DEBUG_INFORMATION_FORMAT = dwarf;
				ENABLE_STRICT_OBJC_MSGSEND = YES;
				ENABLE_TESTABILITY = YES;
				GCC_C_LANGUAGE_STANDARD = gnu11;
				GCC_DYNAMIC_NO_PIC = NO;
				GCC_NO_COMMON_BLOCKS = YES;
				GCC_OPTIMIZATION_LEVEL = 0;
				GCC_PREPROCESSOR_DEFINITIONS = (
					"DEBUG=1",
					"$(inherited)",
				);
				GCC_WARN_64_TO_32_BIT_CONVERSION = YES;
				GCC_WARN_ABOUT_RETURN_TYPE = YES_ERROR;
				GCC_WARN_UNDECLARED_SELECTOR = YES;
				GCC_WARN_UNINITIALIZED_AUTOS = YES_AGGRESSIVE;
				GCC_WARN_UNUSED_FUNCTION = YES;
				GCC_WARN_UNUSED_VARIABLE = YES;
				IPHONEOS_DEPLOYMENT_TARGET = 16.0;
				MTL_ENABLE_DEBUG_INFO = INCLUDE_SOURCE;
				MTL_FAST_MATH = YES;
				ONLY_ACTIVE_ARCH = YES;
				SDKROOT = iphoneos;
				SWIFT_ACTIVE_COMPILATION_CONDITIONS = DEBUG;
				SWIFT_OPTIMIZATION_LEVEL = "-Onone";
			};
			name = Debug;
		};
		A973875D290502DA008339D0 /* Release */ = {
			isa = XCBuildConfiguration;
			buildSettings = {
				ALWAYS_SEARCH_USER_PATHS = NO;
				CLANG_ANALYZER_NONNULL = YES;
				CLANG_ANALYZER_NUMBER_OBJECT_CONVERSION = YES_AGGRESSIVE;
				CLANG_CXX_LANGUAGE_STANDARD = "gnu++20";
				CLANG_ENABLE_MODULES = YES;
				CLANG_ENABLE_OBJC_ARC = YES;
				CLANG_ENABLE_OBJC_WEAK = YES;
				CLANG_WARN_BLOCK_CAPTURE_AUTORELEASING = YES;
				CLANG_WARN_BOOL_CONVERSION = YES;
				CLANG_WARN_COMMA = YES;
				CLANG_WARN_CONSTANT_CONVERSION = YES;
				CLANG_WARN_DEPRECATED_OBJC_IMPLEMENTATIONS = YES;
				CLANG_WARN_DIRECT_OBJC_ISA_USAGE = YES_ERROR;
				CLANG_WARN_DOCUMENTATION_COMMENTS = YES;
				CLANG_WARN_EMPTY_BODY = YES;
				CLANG_WARN_ENUM_CONVERSION = YES;
				CLANG_WARN_INFINITE_RECURSION = YES;
				CLANG_WARN_INT_CONVERSION = YES;
				CLANG_WARN_NON_LITERAL_NULL_CONVERSION = YES;
				CLANG_WARN_OBJC_IMPLICIT_RETAIN_SELF = YES;
				CLANG_WARN_OBJC_LITERAL_CONVERSION = YES;
				CLANG_WARN_OBJC_ROOT_CLASS = YES_ERROR;
				CLANG_WARN_QUOTED_INCLUDE_IN_FRAMEWORK_HEADER = YES;
				CLANG_WARN_RANGE_LOOP_ANALYSIS = YES;
				CLANG_WARN_STRICT_PROTOTYPES = YES;
				CLANG_WARN_SUSPICIOUS_MOVE = YES;
				CLANG_WARN_UNGUARDED_AVAILABILITY = YES_AGGRESSIVE;
				CLANG_WARN_UNREACHABLE_CODE = YES;
				CLANG_WARN__DUPLICATE_METHOD_MATCH = YES;
				COPY_PHASE_STRIP = NO;
				DEBUG_INFORMATION_FORMAT = "dwarf-with-dsym";
				ENABLE_NS_ASSERTIONS = NO;
				ENABLE_STRICT_OBJC_MSGSEND = YES;
				GCC_C_LANGUAGE_STANDARD = gnu11;
				GCC_NO_COMMON_BLOCKS = YES;
				GCC_WARN_64_TO_32_BIT_CONVERSION = YES;
				GCC_WARN_ABOUT_RETURN_TYPE = YES_ERROR;
				GCC_WARN_UNDECLARED_SELECTOR = YES;
				GCC_WARN_UNINITIALIZED_AUTOS = YES_AGGRESSIVE;
				GCC_WARN_UNUSED_FUNCTION = YES;
				GCC_WARN_UNUSED_VARIABLE = YES;
				IPHONEOS_DEPLOYMENT_TARGET = 16.0;
				MTL_ENABLE_DEBUG_INFO = NO;
				MTL_FAST_MATH = YES;
				SDKROOT = iphoneos;
				SWIFT_COMPILATION_MODE = wholemodule;
				SWIFT_OPTIMIZATION_LEVEL = "-O";
				VALIDATE_PRODUCT = YES;
			};
			name = Release;
		};
		A973875F290502DA008339D0 /* Debug */ = {
			isa = XCBuildConfiguration;
			buildSettings = {
				ASSETCATALOG_COMPILER_APPICON_NAME = AppIcon;
				ASSETCATALOG_COMPILER_GLOBAL_ACCENT_COLOR_NAME = AccentColor;
				CODE_SIGN_STYLE = Automatic;
				CURRENT_PROJECT_VERSION = 1;
				DEVELOPMENT_ASSET_PATHS = "\"currencypro/Preview Content\"";
				DEVELOPMENT_TEAM = 8NM7ZTAFY7;
				ENABLE_PREVIEWS = YES;
				GENERATE_INFOPLIST_FILE = YES;
				INFOPLIST_KEY_UIApplicationSceneManifest_Generation = YES;
				INFOPLIST_KEY_UIApplicationSupportsIndirectInputEvents = YES;
				INFOPLIST_KEY_UILaunchScreen_Generation = YES;
				INFOPLIST_KEY_UISupportedInterfaceOrientations_iPad = "UIInterfaceOrientationPortrait UIInterfaceOrientationPortraitUpsideDown UIInterfaceOrientationLandscapeLeft UIInterfaceOrientationLandscapeRight";
				INFOPLIST_KEY_UISupportedInterfaceOrientations_iPhone = "UIInterfaceOrientationPortrait UIInterfaceOrientationLandscapeLeft UIInterfaceOrientationLandscapeRight";
				IPHONEOS_DEPLOYMENT_TARGET = 16.0;
				LD_RUNPATH_SEARCH_PATHS = (
					"$(inherited)",
					"@executable_path/Frameworks",
				);
				MARKETING_VERSION = 1.0;
				PRODUCT_BUNDLE_IDENTIFIER = com.chloe.currencypro;
				PRODUCT_NAME = "$(TARGET_NAME)";
				SWIFT_EMIT_LOC_STRINGS = YES;
				SWIFT_VERSION = 5.0;
				TARGETED_DEVICE_FAMILY = "1,2";
			};
			name = Debug;
		};
		A9738760290502DA008339D0 /* Release */ = {
			isa = XCBuildConfiguration;
			buildSettings = {
				ASSETCATALOG_COMPILER_APPICON_NAME = AppIcon;
				ASSETCATALOG_COMPILER_GLOBAL_ACCENT_COLOR_NAME = AccentColor;
				CODE_SIGN_STYLE = Automatic;
				CURRENT_PROJECT_VERSION = 1;
				DEVELOPMENT_ASSET_PATHS = "\"currencypro/Preview Content\"";
				DEVELOPMENT_TEAM = 8NM7ZTAFY7;
				ENABLE_PREVIEWS = YES;
				GENERATE_INFOPLIST_FILE = YES;
				INFOPLIST_KEY_UIApplicationSceneManifest_Generation = YES;
				INFOPLIST_KEY_UIApplicationSupportsIndirectInputEvents = YES;
				INFOPLIST_KEY_UILaunchScreen_Generation = YES;
				INFOPLIST_KEY_UISupportedInterfaceOrientations_iPad = "UIInterfaceOrientationPortrait UIInterfaceOrientationPortraitUpsideDown UIInterfaceOrientationLandscapeLeft UIInterfaceOrientationLandscapeRight";
				INFOPLIST_KEY_UISupportedInterfaceOrientations_iPhone = "UIInterfaceOrientationPortrait UIInterfaceOrientationLandscapeLeft UIInterfaceOrientationLandscapeRight";
				IPHONEOS_DEPLOYMENT_TARGET = 16.0;
				LD_RUNPATH_SEARCH_PATHS = (
					"$(inherited)",
					"@executable_path/Frameworks",
				);
				MARKETING_VERSION = 1.0;
				PRODUCT_BUNDLE_IDENTIFIER = com.chloe.currencypro;
				PRODUCT_NAME = "$(TARGET_NAME)";
				SWIFT_EMIT_LOC_STRINGS = YES;
				SWIFT_VERSION = 5.0;
				TARGETED_DEVICE_FAMILY = "1,2";
			};
			name = Release;
		};
/* End XCBuildConfiguration section */

/* Begin XCConfigurationList section */
		A973874B290502D9008339D0 /* Build configuration list for PBXProject "currencypro" */ = {
			isa = XCConfigurationList;
			buildConfigurations = (
				A973875C290502DA008339D0 /* Debug */,
				A973875D290502DA008339D0 /* Release */,
			);
			defaultConfigurationIsVisible = 0;
			defaultConfigurationName = Release;
		};
		A973875E290502DA008339D0 /* Build configuration list for PBXNativeTarget "currencypro" */ = {
			isa = XCConfigurationList;
			buildConfigurations = (
				A973875F290502DA008339D0 /* Debug */,
				A9738760290502DA008339D0 /* Release */,
			);
			defaultConfigurationIsVisible = 0;
			defaultConfigurationName = Release;
		};
/* End XCConfigurationList section */
	};
	rootObject = A9738748290502D9008339D0 /* Project object */;
}
